<?xml version="1.0" encoding="utf-8"?>
<Project ToolsVersion="4.0" xmlns="http://schemas.microsoft.com/developer/msbuild/2003">
  <ItemGroup>
    <Filter Include="소스 파일">
      <UniqueIdentifier>{4FC737F1-C7A5-4376-A066-2A32D752A2FF}</UniqueIdentifier>
      <Extensions>cpp;c;cc;cxx;def;odl;idl;hpj;bat;asm;asmx</Extensions>
    </Filter>
    <Filter Include="헤더 파일">
      <UniqueIdentifier>{93995380-89BD-4b04-88EB-625FBE52EBFB}</UniqueIdentifier>
      <Extensions>h;hh;hpp;hxx;hm;inl;inc;ipp;xsd</Extensions>
    </Filter>
    <Filter Include="리소스 파일">
      <UniqueIdentifier>{67DA6AB6-F800-4c08-8B7A-83BB121AAD01}</UniqueIdentifier>
      <Extensions>rc;ico;cur;bmp;dlg;rc2;rct;bin;rgs;gif;jpg;jpeg;jpe;resx;tiff;tif;png;wav;mfcribbon-ms</Extensions>
    </Filter>
  </ItemGroup>
  <ItemGroup>
    <ClCompile Include="tnm_channels_lib.cpp">
      <Filter>소스 파일</Filter>
    </ClCompile>
    <ClCompile Include="stdafx.cpp">
      <Filter>소스 파일</Filter>
    </ClCompile>
    <ClCompile Include="Ctnm_channel.cpp">
      <Filter>소스 파일</Filter>
    </ClCompile>
    <ClCompile Include="TnmUtility.cpp">
      <Filter>소스 파일</Filter>
    </ClCompile>
    <ClCompile Include="VideoViewer.cpp">
      <Filter>소스 파일</Filter>
    </ClCompile>
    <ClCompile Include="VideoReceiver.cpp">
      <Filter>소스 파일</Filter>
    </ClCompile>
    <ClCompile Include="VideoDecoder.cpp">
      <Filter>소스 파일</Filter>
    </ClCompile>
    <ClCompile Include="VideoChannel.cpp">
      <Filter>소스 파일</Filter>
    </ClCompile>
    <ClCompile Include="TnmVideoEQFilter.cpp">
      <Filter>소스 파일</Filter>
    </ClCompile>
    <ClCompile Include="yadif.cpp">
      <Filter>소스 파일</Filter>
    </ClCompile>
    <ClCompile Include="MyAudioOut.cpp">
      <Filter>소스 파일</Filter>
    </ClCompile>
    <ClCompile Include="MyRecvAudio.cpp">
      <Filter>소스 파일</Filter>
    </ClCompile>
  </ItemGroup>
  <ItemGroup>
    <None Include="tnm_channels_lib.def">
      <Filter>소스 파일</Filter>
    </None>
    <None Include="res\tnm_channels_lib.rc2">
      <Filter>리소스 파일</Filter>
    </None>
  </ItemGroup>
  <ItemGroup>
    <ClInclude Include="stdafx.h">
      <Filter>헤더 파일</Filter>
    </ClInclude>
    <ClInclude Include="targetver.h">
      <Filter>헤더 파일</Filter>
    </ClInclude>
    <ClInclude Include="Resource.h">
      <Filter>헤더 파일</Filter>
    </ClInclude>
    <ClInclude Include="tnm_channels_lib.h">
      <Filter>헤더 파일</Filter>
    </ClInclude>
    <ClInclude Include="Ctnm_channel.h">
      <Filter>헤더 파일</Filter>
    </ClInclude>
    <ClInclude Include="TnmUtility.h">
      <Filter>헤더 파일</Filter>
    </ClInclude>
    <ClInclude Include="VideoViewer.h">
      <Filter>헤더 파일</Filter>
    </ClInclude>
    <ClInclude Include="TnmGlobal.h">
      <Filter>헤더 파일</Filter>
    </ClInclude>
    <ClInclude Include="VideoReceiver.h">
      <Filter>헤더 파일</Filter>
    </ClInclude>
    <ClInclude Include="VideoDecoder.h">
      <Filter>헤더 파일</Filter>
    </ClInclude>
    <ClInclude Include="VideoChannel.h">
      <Filter>헤더 파일</Filter>
    </ClInclude>
    <ClInclude Include="TnmVideoEQFilter.h">
      <Filter>헤더 파일</Filter>
    </ClInclude>
    <ClInclude Include="yadif.h">
      <Filter>헤더 파일</Filter>
    </ClInclude>
    <ClInclude Include="MyAudioOut.h">
      <Filter>헤더 파일</Filter>
    </ClInclude>
    <ClInclude Include="MyRecvAudio.h">
      <Filter>헤더 파일</Filter>
    </ClInclude>
  </ItemGroup>
  <ItemGroup>
    <ResourceCompile Include="tnm_channels_lib.rc">
      <Filter>리소스 파일</Filter>
    </ResourceCompile>
  </ItemGroup>
</Project>