<?xml version="1.0" encoding="utf-8"?>
<Project ToolsVersion="4.0" xmlns="http://schemas.microsoft.com/developer/msbuild/2003">
  <ItemGroup>
    <Filter Include="소스 파일">
      <UniqueIdentifier>{4FC737F1-C7A5-4376-A066-2A32D752A2FF}</UniqueIdentifier>
      <Extensions>cpp;c;cc;cxx;def;odl;idl;hpj;bat;asm;asmx</Extensions>
    </Filter>
    <Filter Include="헤더 파일">
      <UniqueIdentifier>{93995380-89BD-4b04-88EB-625FBE52EBFB}</UniqueIdentifier>
      <Extensions>h;hh;hpp;hxx;hm;inl;inc;xsd</Extensions>
    </Filter>
    <Filter Include="리소스 파일">
      <UniqueIdentifier>{67DA6AB6-F800-4c08-8B7A-83BB121AAD01}</UniqueIdentifier>
      <Extensions>rc;ico;cur;bmp;dlg;rc2;rct;bin;rgs;gif;jpg;jpeg;jpe;resx;tiff;tif;png;wav;mfcribbon-ms</Extensions>
    </Filter>
    <Filter Include="JThread">
      <UniqueIdentifier>{0e3de72a-6eb6-4894-a38e-dc4b44fa960e}</UniqueIdentifier>
    </Filter>
    <Filter Include="Utility">
      <UniqueIdentifier>{ac9f311e-767c-4946-a508-8337fe139742}</UniqueIdentifier>
    </Filter>
  </ItemGroup>
  <ItemGroup>
    <Text Include="ReadMe.txt" />
  </ItemGroup>
  <ItemGroup>
    <ClInclude Include="bitstreamReceiver.h">
      <Filter>헤더 파일</Filter>
    </ClInclude>
    <ClInclude Include="bitstreamReceiverDlg.h">
      <Filter>헤더 파일</Filter>
    </ClInclude>
    <ClInclude Include="stdafx.h">
      <Filter>헤더 파일</Filter>
    </ClInclude>
    <ClInclude Include="targetver.h">
      <Filter>헤더 파일</Filter>
    </ClInclude>
    <ClInclude Include="Resource.h">
      <Filter>헤더 파일</Filter>
    </ClInclude>
    <ClInclude Include="jmutex.h">
      <Filter>JThread</Filter>
    </ClInclude>
    <ClInclude Include="jmutexautolock.h">
      <Filter>JThread</Filter>
    </ClInclude>
    <ClInclude Include="jthread.h">
      <Filter>JThread</Filter>
    </ClInclude>
    <ClInclude Include="jthreadconfig.h">
      <Filter>JThread</Filter>
    </ClInclude>
    <ClInclude Include="Preset.h">
      <Filter>헤더 파일</Filter>
    </ClInclude>
    <ClInclude Include="TnmUtility.h">
      <Filter>Utility</Filter>
    </ClInclude>
    <ClInclude Include="secondThread.h">
      <Filter>헤더 파일</Filter>
    </ClInclude>
    <ClInclude Include="CDlgChannel.h">
      <Filter>헤더 파일</Filter>
    </ClInclude>
    <ClInclude Include="CDlgViewer.h">
      <Filter>헤더 파일</Filter>
    </ClInclude>
    <ClInclude Include="TnmComm.h">
      <Filter>헤더 파일</Filter>
    </ClInclude>
    <ClInclude Include="MyInOutSelector.h">
      <Filter>헤더 파일</Filter>
    </ClInclude>
    <ClInclude Include="MyWnd.h">
      <Filter>헤더 파일</Filter>
    </ClInclude>
    <ClInclude Include="MemDC.h">
      <Filter>헤더 파일</Filter>
    </ClInclude>
    <ClInclude Include="json\json.h">
      <Filter>헤더 파일</Filter>
    </ClInclude>
    <ClInclude Include="json\json-forwards.h">
      <Filter>헤더 파일</Filter>
    </ClInclude>
  </ItemGroup>
  <ItemGroup>
    <ClCompile Include="bitstreamReceiver.cpp">
      <Filter>소스 파일</Filter>
    </ClCompile>
    <ClCompile Include="bitstreamReceiverDlg.cpp">
      <Filter>소스 파일</Filter>
    </ClCompile>
    <ClCompile Include="stdafx.cpp">
      <Filter>소스 파일</Filter>
    </ClCompile>
    <ClCompile Include="jmutex.cpp">
      <Filter>JThread</Filter>
    </ClCompile>
    <ClCompile Include="jthread.cpp">
      <Filter>JThread</Filter>
    </ClCompile>
    <ClCompile Include="TnmUtility.cpp">
      <Filter>Utility</Filter>
    </ClCompile>
    <ClCompile Include="secondThread.cpp">
      <Filter>소스 파일</Filter>
    </ClCompile>
    <ClCompile Include="CDlgChannel.cpp">
      <Filter>소스 파일</Filter>
    </ClCompile>
    <ClCompile Include="CDlgViewer.cpp">
      <Filter>소스 파일</Filter>
    </ClCompile>
    <ClCompile Include="TnmComm.cpp">
      <Filter>소스 파일</Filter>
    </ClCompile>
    <ClCompile Include="MyInOutSelector.cpp">
      <Filter>소스 파일</Filter>
    </ClCompile>
    <ClCompile Include="MyWnd.cpp">
      <Filter>소스 파일</Filter>
    </ClCompile>
    <ClCompile Include="jsoncpp.cpp">
      <Filter>소스 파일</Filter>
    </ClCompile>
  </ItemGroup>
  <ItemGroup>
    <ResourceCompile Include="bitstreamReceiver.rc">
      <Filter>리소스 파일</Filter>
    </ResourceCompile>
  </ItemGroup>
  <ItemGroup>
    <None Include="res\bitstreamReceiver.rc2">
      <Filter>리소스 파일</Filter>
    </None>
  </ItemGroup>
  <ItemGroup>
    <Image Include="res\bitstreamReceiver.ico">
      <Filter>리소스 파일</Filter>
    </Image>
    <Image Include="res\btn_inout_thumb.bmp">
      <Filter>리소스 파일</Filter>
    </Image>
  </ItemGroup>
</Project>